// !$*UTF8*$!
{
	archiveVersion = 1;
	classes = {
	};
	objectVersion = 46;
	objects = {

/* Begin PBXBuildFile section */
		0A0A15BA1C4BC18300B7158A /* LEOMe.m in Sources */ = {isa = PBXBuildFile; fileRef = 0A0A15B41C4BC18300B7158A /* LEOMe.m */; };
		0A0A15BB1C4BC18300B7158A /* LEOMe.plist in Resources */ = {isa = PBXBuildFile; fileRef = 0A0A15B51C4BC18300B7158A /* LEOMe.plist */; };
		0A0A15BD1C4BC18300B7158A /* LEOMeNavController.m in Sources */ = {isa = PBXBuildFile; fileRef = 0A0A15B91C4BC18300B7158A /* LEOMeNavController.m */; };
		0A0A161A1C4BE76300B7158A /* LEOMeCell.m in Sources */ = {isa = PBXBuildFile; fileRef = 0A0A16171C4BE76300B7158A /* LEOMeCell.m */; };
		0A0A161B1C4BE76300B7158A /* LEOMeCellFrame.m in Sources */ = {isa = PBXBuildFile; fileRef = 0A0A16191C4BE76300B7158A /* LEOMeCellFrame.m */; };
		0A0A161E1C4BE77600B7158A /* LEOMeController.m in Sources */ = {isa = PBXBuildFile; fileRef = 0A0A161D1C4BE77600B7158A /* LEOMeController.m */; };
		0A0A167D1C4CB8CC00B7158A /* LEOMeHeadView.m in Sources */ = {isa = PBXBuildFile; fileRef = 0A0A167C1C4CB8CC00B7158A /* LEOMeHeadView.m */; };
		3A92F3741C49470000328E36 /* main.m in Sources */ = {isa = PBXBuildFile; fileRef = 3A92F3731C49470000328E36 /* main.m */; };
		3A92F3771C49470000328E36 /* AppDelegate.m in Sources */ = {isa = PBXBuildFile; fileRef = 3A92F3761C49470000328E36 /* AppDelegate.m */; };
		3A92F37F1C49470000328E36 /* Assets.xcassets in Resources */ = {isa = PBXBuildFile; fileRef = 3A92F37E1C49470000328E36 /* Assets.xcassets */; };
		3A92F3821C49470000328E36 /* LaunchScreen.storyboard in Resources */ = {isa = PBXBuildFile; fileRef = 3A92F3801C49470000328E36 /* LaunchScreen.storyboard */; };
		3A92F38D1C49478F00328E36 /* LEOMainNavController.m in Sources */ = {isa = PBXBuildFile; fileRef = 3A92F38A1C49478F00328E36 /* LEOMainNavController.m */; };
		3A92F38E1C49478F00328E36 /* LEOMainTabBarController.m in Sources */ = {isa = PBXBuildFile; fileRef = 3A92F38C1C49478F00328E36 /* LEOMainTabBarController.m */; };
		3AC273D01C4BC9C3009B73C5 /* LEOFriendsController.m in Sources */ = {isa = PBXBuildFile; fileRef = 3AC273CF1C4BC9C3009B73C5 /* LEOFriendsController.m */; };
		3AC273D31C4BCD29009B73C5 /* LEOFriendsNavController.m in Sources */ = {isa = PBXBuildFile; fileRef = 3AC273D21C4BCD29009B73C5 /* LEOFriendsNavController.m */; };
		467521C91C4BEE6B00362E8A /* GDMainNController.m in Sources */ = {isa = PBXBuildFile; fileRef = 467521C41C4BEE6B00362E8A /* GDMainNController.m */; };
		467521CA1C4BEE6B00362E8A /* GDMainStudentController.m in Sources */ = {isa = PBXBuildFile; fileRef = 467521C61C4BEE6B00362E8A /* GDMainStudentController.m */; };
		467521CB1C4BEE6B00362E8A /* GDMainTeacherVController.m in Sources */ = {isa = PBXBuildFile; fileRef = 467521C81C4BEE6B00362E8A /* GDMainTeacherVController.m */; };
/* End PBXBuildFile section */

/* Begin PBXFileReference section */
		0A0A15B31C4BC18300B7158A /* LEOMe.h */ = {isa = PBXFileReference; fileEncoding = 4; lastKnownFileType = sourcecode.c.h; path = LEOMe.h; sourceTree = "<group>"; };
		0A0A15B41C4BC18300B7158A /* LEOMe.m */ = {isa = PBXFileReference; fileEncoding = 4; lastKnownFileType = sourcecode.c.objc; path = LEOMe.m; sourceTree = "<group>"; };
		0A0A15B51C4BC18300B7158A /* LEOMe.plist */ = {isa = PBXFileReference; fileEncoding = 4; lastKnownFileType = text.plist.xml; path = LEOMe.plist; sourceTree = "<group>"; };
		0A0A15B81C4BC18300B7158A /* LEOMeNavController.h */ = {isa = PBXFileReference; fileEncoding = 4; lastKnownFileType = sourcecode.c.h; path = LEOMeNavController.h; sourceTree = "<group>"; };
		0A0A15B91C4BC18300B7158A /* LEOMeNavController.m */ = {isa = PBXFileReference; fileEncoding = 4; lastKnownFileType = sourcecode.c.objc; path = LEOMeNavController.m; sourceTree = "<group>"; };
		0A0A16161C4BE76300B7158A /* LEOMeCell.h */ = {isa = PBXFileReference; fileEncoding = 4; lastKnownFileType = sourcecode.c.h; path = LEOMeCell.h; sourceTree = "<group>"; };
		0A0A16171C4BE76300B7158A /* LEOMeCell.m */ = {isa = PBXFileReference; fileEncoding = 4; lastKnownFileType = sourcecode.c.objc; path = LEOMeCell.m; sourceTree = "<group>"; };
		0A0A16181C4BE76300B7158A /* LEOMeCellFrame.h */ = {isa = PBXFileReference; fileEncoding = 4; lastKnownFileType = sourcecode.c.h; path = LEOMeCellFrame.h; sourceTree = "<group>"; };
		0A0A16191C4BE76300B7158A /* LEOMeCellFrame.m */ = {isa = PBXFileReference; fileEncoding = 4; lastKnownFileType = sourcecode.c.objc; path = LEOMeCellFrame.m; sourceTree = "<group>"; };
		0A0A161C1C4BE77600B7158A /* LEOMeController.h */ = {isa = PBXFileReference; fileEncoding = 4; lastKnownFileType = sourcecode.c.h; path = LEOMeController.h; sourceTree = "<group>"; };
		0A0A161D1C4BE77600B7158A /* LEOMeController.m */ = {isa = PBXFileReference; fileEncoding = 4; lastKnownFileType = sourcecode.c.objc; path = LEOMeController.m; sourceTree = "<group>"; };
		0A0A167B1C4CB8CC00B7158A /* LEOMeHeadView.h */ = {isa = PBXFileReference; fileEncoding = 4; lastKnownFileType = sourcecode.c.h; path = LEOMeHeadView.h; sourceTree = "<group>"; };
		0A0A167C1C4CB8CC00B7158A /* LEOMeHeadView.m */ = {isa = PBXFileReference; fileEncoding = 4; lastKnownFileType = sourcecode.c.objc; path = LEOMeHeadView.m; sourceTree = "<group>"; };
		3A92F36F1C49470000328E36 /* LEOLearningCircle.app */ = {isa = PBXFileReference; explicitFileType = wrapper.application; includeInIndex = 0; path = LEOLearningCircle.app; sourceTree = BUILT_PRODUCTS_DIR; };
		3A92F3731C49470000328E36 /* main.m */ = {isa = PBXFileReference; lastKnownFileType = sourcecode.c.objc; path = main.m; sourceTree = "<group>"; };
		3A92F3751C49470000328E36 /* AppDelegate.h */ = {isa = PBXFileReference; lastKnownFileType = sourcecode.c.h; path = AppDelegate.h; sourceTree = "<group>"; };
		3A92F3761C49470000328E36 /* AppDelegate.m */ = {isa = PBXFileReference; lastKnownFileType = sourcecode.c.objc; path = AppDelegate.m; sourceTree = "<group>"; };
		3A92F37E1C49470000328E36 /* Assets.xcassets */ = {isa = PBXFileReference; lastKnownFileType = folder.assetcatalog; path = Assets.xcassets; sourceTree = "<group>"; };
		3A92F3811C49470000328E36 /* Base */ = {isa = PBXFileReference; lastKnownFileType = file.storyboard; name = Base; path = Base.lproj/LaunchScreen.storyboard; sourceTree = "<group>"; };
		3A92F3831C49470000328E36 /* Info.plist */ = {isa = PBXFileReference; lastKnownFileType = text.plist.xml; path = Info.plist; sourceTree = "<group>"; };
		3A92F3891C49478F00328E36 /* LEOMainNavController.h */ = {isa = PBXFileReference; fileEncoding = 4; lastKnownFileType = sourcecode.c.h; path = LEOMainNavController.h; sourceTree = "<group>"; };
		3A92F38A1C49478F00328E36 /* LEOMainNavController.m */ = {isa = PBXFileReference; fileEncoding = 4; lastKnownFileType = sourcecode.c.objc; path = LEOMainNavController.m; sourceTree = "<group>"; };
		3A92F38B1C49478F00328E36 /* LEOMainTabBarController.h */ = {isa = PBXFileReference; fileEncoding = 4; lastKnownFileType = sourcecode.c.h; path = LEOMainTabBarController.h; sourceTree = "<group>"; };
		3A92F38C1C49478F00328E36 /* LEOMainTabBarController.m */ = {isa = PBXFileReference; fileEncoding = 4; lastKnownFileType = sourcecode.c.objc; path = LEOMainTabBarController.m; sourceTree = "<group>"; };
		3AC273CE1C4BC9C3009B73C5 /* LEOFriendsController.h */ = {isa = PBXFileReference; fileEncoding = 4; lastKnownFileType = sourcecode.c.h; path = LEOFriendsController.h; sourceTree = "<group>"; };
		3AC273CF1C4BC9C3009B73C5 /* LEOFriendsController.m */ = {isa = PBXFileReference; fileEncoding = 4; lastKnownFileType = sourcecode.c.objc; path = LEOFriendsController.m; sourceTree = "<group>"; };
		3AC273D11C4BCD29009B73C5 /* LEOFriendsNavController.h */ = {isa = PBXFileReference; fileEncoding = 4; lastKnownFileType = sourcecode.c.h; path = LEOFriendsNavController.h; sourceTree = "<group>"; };
		3AC273D21C4BCD29009B73C5 /* LEOFriendsNavController.m */ = {isa = PBXFileReference; fileEncoding = 4; lastKnownFileType = sourcecode.c.objc; path = LEOFriendsNavController.m; sourceTree = "<group>"; };
		467521C31C4BEE6B00362E8A /* GDMainNController.h */ = {isa = PBXFileReference; fileEncoding = 4; lastKnownFileType = sourcecode.c.h; path = GDMainNController.h; sourceTree = "<group>"; };
		467521C41C4BEE6B00362E8A /* GDMainNController.m */ = {isa = PBXFileReference; fileEncoding = 4; lastKnownFileType = sourcecode.c.objc; path = GDMainNController.m; sourceTree = "<group>"; };
		467521C51C4BEE6B00362E8A /* GDMainStudentController.h */ = {isa = PBXFileReference; fileEncoding = 4; lastKnownFileType = sourcecode.c.h; path = GDMainStudentController.h; sourceTree = "<group>"; };
		467521C61C4BEE6B00362E8A /* GDMainStudentController.m */ = {isa = PBXFileReference; fileEncoding = 4; lastKnownFileType = sourcecode.c.objc; path = GDMainStudentController.m; sourceTree = "<group>"; };
		467521C71C4BEE6B00362E8A /* GDMainTeacherVController.h */ = {isa = PBXFileReference; fileEncoding = 4; lastKnownFileType = sourcecode.c.h; path = GDMainTeacherVController.h; sourceTree = "<group>"; };
		467521C81C4BEE6B00362E8A /* GDMainTeacherVController.m */ = {isa = PBXFileReference; fileEncoding = 4; lastKnownFileType = sourcecode.c.objc; path = GDMainTeacherVController.m; sourceTree = "<group>"; };
/* End PBXFileReference section */

/* Begin PBXFrameworksBuildPhase section */
		3A92F36C1C49470000328E36 /* Frameworks */ = {
			isa = PBXFrameworksBuildPhase;
			buildActionMask = 2147483647;
			files = (
			);
			runOnlyForDeploymentPostprocessing = 0;
		};
/* End PBXFrameworksBuildPhase section */

/* Begin PBXGroup section */
		0A0A15B21C4BC14100B7158A /* 我(me) */ = {
			isa = PBXGroup;
			children = (
				0A0A160A1C4BC1BA00B7158A /* controllers */,
				0A0A15C01C4BC1A800B7158A /* views */,
				0A0A15BE1C4BC19600B7158A /* models */,
			);
			name = "我(me)";
			sourceTree = "<group>";
		};
		0A0A15BE1C4BC19600B7158A /* models */ = {
			isa = PBXGroup;
			children = (
				0A0A15B31C4BC18300B7158A /* LEOMe.h */,
				0A0A15B41C4BC18300B7158A /* LEOMe.m */,
			);
			name = models;
			sourceTree = "<group>";
		};
		0A0A15C01C4BC1A800B7158A /* views */ = {
			isa = PBXGroup;
			children = (
				0A0A16161C4BE76300B7158A /* LEOMeCell.h */,
				0A0A16171C4BE76300B7158A /* LEOMeCell.m */,
				0A0A16181C4BE76300B7158A /* LEOMeCellFrame.h */,
				0A0A16191C4BE76300B7158A /* LEOMeCellFrame.m */,
			);
			name = views;
			sourceTree = "<group>";
		};
		0A0A160A1C4BC1BA00B7158A /* controllers */ = {
			isa = PBXGroup;
			children = (
				0A0A161C1C4BE77600B7158A /* LEOMeController.h */,
				0A0A161D1C4BE77600B7158A /* LEOMeController.m */,
				0A0A15B81C4BC18300B7158A /* LEOMeNavController.h */,
				0A0A15B91C4BC18300B7158A /* LEOMeNavController.m */,
				0A0A167B1C4CB8CC00B7158A /* LEOMeHeadView.h */,
				0A0A167C1C4CB8CC00B7158A /* LEOMeHeadView.m */,
			);
			name = controllers;
			sourceTree = "<group>";
		};
		0A0A160B1C4BC1D100B7158A /* resources */ = {
			isa = PBXGroup;
			children = (
				0A0A160C1C4BC1E000B7158A /* plsits */,
			);
			name = resources;
			sourceTree = "<group>";
		};
		0A0A160C1C4BC1E000B7158A /* plsits */ = {
			isa = PBXGroup;
			children = (
				0A0A15B51C4BC18300B7158A /* LEOMe.plist */,
			);
			name = plsits;
			sourceTree = "<group>";
		};
		3A92F3661C49470000328E36 = {
			isa = PBXGroup;
			children = (
				3A92F3711C49470000328E36 /* LEOLearningCircle */,
				3A92F3701C49470000328E36 /* Products */,
			);
			sourceTree = "<group>";
		};
		3A92F3701C49470000328E36 /* Products */ = {
			isa = PBXGroup;
			children = (
				3A92F36F1C49470000328E36 /* LEOLearningCircle.app */,
			);
			name = Products;
			sourceTree = "<group>";
		};
		3A92F3711C49470000328E36 /* LEOLearningCircle */ = {
			isa = PBXGroup;
			children = (
				0A0A160B1C4BC1D100B7158A /* resources */,
				3A92F38F1C49484500328E36 /* Classes */,
				3A92F3721C49470000328E36 /* Supporting Files */,
			);
			path = LEOLearningCircle;
			sourceTree = "<group>";
		};
		3A92F3721C49470000328E36 /* Supporting Files */ = {
			isa = PBXGroup;
			children = (
				3A92F37E1C49470000328E36 /* Assets.xcassets */,
				3A92F3831C49470000328E36 /* Info.plist */,
				3A92F3731C49470000328E36 /* main.m */,
			);
			name = "Supporting Files";
			sourceTree = "<group>";
		};
		3A92F38F1C49484500328E36 /* Classes */ = {
			isa = PBXGroup;
			children = (
				467521C11C4BEE1B00362E8A /* AnswerNow(即时答) */,
				0A0A15B21C4BC14100B7158A /* 我(me) */,
				3A92F3941C494F8C00328E36 /* 伙伴圈(friends) */,
				3A92F3901C49485B00328E36 /* 主框架 */,
			);
			name = Classes;
			sourceTree = "<group>";
		};
		3A92F3901C49485B00328E36 /* 主框架 */ = {
			isa = PBXGroup;
			children = (
				3A92F3911C49486700328E36 /* controllers */,
				3A92F3931C49488E00328E36 /* views */,
				3A92F3921C49487600328E36 /* others */,
			);
			name = "主框架";
			sourceTree = "<group>";
		};
		3A92F3911C49486700328E36 /* controllers */ = {
			isa = PBXGroup;
			children = (
				3A92F3891C49478F00328E36 /* LEOMainNavController.h */,
				3A92F38A1C49478F00328E36 /* LEOMainNavController.m */,
				3A92F38B1C49478F00328E36 /* LEOMainTabBarController.h */,
				3A92F38C1C49478F00328E36 /* LEOMainTabBarController.m */,
			);
			name = controllers;
			sourceTree = "<group>";
		};
		3A92F3921C49487600328E36 /* others */ = {
			isa = PBXGroup;
			children = (
				3A92F3751C49470000328E36 /* AppDelegate.h */,
				3A92F3761C49470000328E36 /* AppDelegate.m */,
			);
			name = others;
			sourceTree = "<group>";
		};
		3A92F3931C49488E00328E36 /* views */ = {
			isa = PBXGroup;
			children = (
				3A92F3801C49470000328E36 /* LaunchScreen.storyboard */,
			);
			name = views;
			sourceTree = "<group>";
		};
		3A92F3941C494F8C00328E36 /* 伙伴圈(friends) */ = {
			isa = PBXGroup;
			children = (
				3A92F3951C494FA000328E36 /* controllers */,
			);
			name = "伙伴圈(friends)";
			sourceTree = "<group>";
		};
		3A92F3951C494FA000328E36 /* controllers */ = {
			isa = PBXGroup;
			children = (
				3AC273CE1C4BC9C3009B73C5 /* LEOFriendsController.h */,
				3AC273CF1C4BC9C3009B73C5 /* LEOFriendsController.m */,
				3AC273D11C4BCD29009B73C5 /* LEOFriendsNavController.h */,
				3AC273D21C4BCD29009B73C5 /* LEOFriendsNavController.m */,
			);
			name = controllers;
			sourceTree = "<group>";
		};
		467521C11C4BEE1B00362E8A /* AnswerNow(即时答) */ = {
			isa = PBXGroup;
			children = (
				467521C21C4BEE3000362E8A /* Controlleres */,
			);
			name = "AnswerNow(即时答)";
			sourceTree = "<group>";
		};
		467521C21C4BEE3000362E8A /* Controlleres */ = {
			isa = PBXGroup;
			children = (
				467521C31C4BEE6B00362E8A /* GDMainNController.h */,
				467521C41C4BEE6B00362E8A /* GDMainNController.m */,
				467521C51C4BEE6B00362E8A /* GDMainStudentController.h */,
				467521C61C4BEE6B00362E8A /* GDMainStudentController.m */,
				467521C71C4BEE6B00362E8A /* GDMainTeacherVController.h */,
				467521C81C4BEE6B00362E8A /* GDMainTeacherVController.m */,
			);
			name = Controlleres;
			sourceTree = "<group>";
		};
/* End PBXGroup section */

/* Begin PBXNativeTarget section */
		3A92F36E1C49470000328E36 /* LEOLearningCircle */ = {
			isa = PBXNativeTarget;
			buildConfigurationList = 3A92F3861C49470000328E36 /* Build configuration list for PBXNativeTarget "LEOLearningCircle" */;
			buildPhases = (
				3A92F36B1C49470000328E36 /* Sources */,
				3A92F36C1C49470000328E36 /* Frameworks */,
				3A92F36D1C49470000328E36 /* Resources */,
			);
			buildRules = (
			);
			dependencies = (
			);
			name = LEOLearningCircle;
			productName = LEOLearningCircle;
			productReference = 3A92F36F1C49470000328E36 /* LEOLearningCircle.app */;
			productType = "com.apple.product-type.application";
		};
/* End PBXNativeTarget section */

/* Begin PBXProject section */
		3A92F3671C49470000328E36 /* Project object */ = {
			isa = PBXProject;
			attributes = {
				CLASSPREFIX = LEO;
				LastUpgradeCheck = 0710;
				ORGANIZATIONNAME = zz;
				TargetAttributes = {
					3A92F36E1C49470000328E36 = {
						CreatedOnToolsVersion = 7.1.1;
					};
				};
			};
			buildConfigurationList = 3A92F36A1C49470000328E36 /* Build configuration list for PBXProject "LEOLearningCircle" */;
			compatibilityVersion = "Xcode 3.2";
			developmentRegion = English;
			hasScannedForEncodings = 0;
			knownRegions = (
				en,
				Base,
			);
			mainGroup = 3A92F3661C49470000328E36;
			productRefGroup = 3A92F3701C49470000328E36 /* Products */;
			projectDirPath = "";
			projectRoot = "";
			targets = (
				3A92F36E1C49470000328E36 /* LEOLearningCircle */,
			);
		};
/* End PBXProject section */

/* Begin PBXResourcesBuildPhase section */
		3A92F36D1C49470000328E36 /* Resources */ = {
			isa = PBXResourcesBuildPhase;
			buildActionMask = 2147483647;
			files = (
				3A92F3821C49470000328E36 /* LaunchScreen.storyboard in Resources */,
				3A92F37F1C49470000328E36 /* Assets.xcassets in Resources */,
				0A0A15BB1C4BC18300B7158A /* LEOMe.plist in Resources */,
			);
			runOnlyForDeploymentPostprocessing = 0;
		};
/* End PBXResourcesBuildPhase section */

/* Begin PBXSourcesBuildPhase section */
		3A92F36B1C49470000328E36 /* Sources */ = {
			isa = PBXSourcesBuildPhase;
			buildActionMask = 2147483647;
			files = (
				3AC273D31C4BCD29009B73C5 /* LEOFriendsNavController.m in Sources */,
				0A0A161B1C4BE76300B7158A /* LEOMeCellFrame.m in Sources */,
				3AC273D01C4BC9C3009B73C5 /* LEOFriendsController.m in Sources */,
				0A0A167D1C4CB8CC00B7158A /* LEOMeHeadView.m in Sources */,
				0A0A161E1C4BE77600B7158A /* LEOMeController.m in Sources */,
				467521C91C4BEE6B00362E8A /* GDMainNController.m in Sources */,
				3A92F3771C49470000328E36 /* AppDelegate.m in Sources */,
				3A92F3741C49470000328E36 /* main.m in Sources */,
				3A92F38E1C49478F00328E36 /* LEOMainTabBarController.m in Sources */,
				0A0A15BA1C4BC18300B7158A /* LEOMe.m in Sources */,
				0A0A15BD1C4BC18300B7158A /* LEOMeNavController.m in Sources */,
				0A0A161A1C4BE76300B7158A /* LEOMeCell.m in Sources */,
				467521CB1C4BEE6B00362E8A /* GDMainTeacherVController.m in Sources */,
				467521CA1C4BEE6B00362E8A /* GDMainStudentController.m in Sources */,
				3A92F38D1C49478F00328E36 /* LEOMainNavController.m in Sources */,
			);
			runOnlyForDeploymentPostprocessing = 0;
		};
/* End PBXSourcesBuildPhase section */

/* Begin PBXVariantGroup section */
		3A92F3801C49470000328E36 /* LaunchScreen.storyboard */ = {
			isa = PBXVariantGroup;
			children = (
				3A92F3811C49470000328E36 /* Base */,
			);
			name = LaunchScreen.storyboard;
			sourceTree = "<group>";
		};
/* End PBXVariantGroup section */

/* Begin XCBuildConfiguration section */
		3A92F3841C49470000328E36 /* Debug */ = {
			isa = XCBuildConfiguration;
			buildSettings = {
				ALWAYS_SEARCH_USER_PATHS = NO;
				CLANG_CXX_LANGUAGE_STANDARD = "gnu++0x";
				CLANG_CXX_LIBRARY = "libc++";
				CLANG_ENABLE_MODULES = YES;
				CLANG_ENABLE_OBJC_ARC = YES;
				CLANG_WARN_BOOL_CONVERSION = YES;
				CLANG_WARN_CONSTANT_CONVERSION = YES;
				CLANG_WARN_DIRECT_OBJC_ISA_USAGE = YES_ERROR;
				CLANG_WARN_EMPTY_BODY = YES;
				CLANG_WARN_ENUM_CONVERSION = YES;
				CLANG_WARN_INT_CONVERSION = YES;
				CLANG_WARN_OBJC_ROOT_CLASS = YES_ERROR;
				CLANG_WARN_UNREACHABLE_CODE = YES;
				CLANG_WARN__DUPLICATE_METHOD_MATCH = YES;
				"CODE_SIGN_IDENTITY[sdk=iphoneos*]" = "iPhone Developer";
				COPY_PHASE_STRIP = NO;
				DEBUG_INFORMATION_FORMAT = dwarf;
				ENABLE_STRICT_OBJC_MSGSEND = YES;
				ENABLE_TESTABILITY = YES;
				GCC_C_LANGUAGE_STANDARD = gnu99;
				GCC_DYNAMIC_NO_PIC = NO;
				GCC_NO_COMMON_BLOCKS = YES;
				GCC_OPTIMIZATION_LEVEL = 0;
				GCC_PREPROCESSOR_DEFINITIONS = (
					"DEBUG=1",
					"$(inherited)",
				);
				GCC_WARN_64_TO_32_BIT_CONVERSION = YES;
				GCC_WARN_ABOUT_RETURN_TYPE = YES_ERROR;
				GCC_WARN_UNDECLARED_SELECTOR = YES;
				GCC_WARN_UNINITIALIZED_AUTOS = YES_AGGRESSIVE;
				GCC_WARN_UNUSED_FUNCTION = YES;
				GCC_WARN_UNUSED_VARIABLE = YES;
				IPHONEOS_DEPLOYMENT_TARGET = 9.1;
				MTL_ENABLE_DEBUG_INFO = YES;
				ONLY_ACTIVE_ARCH = YES;
				SDKROOT = iphoneos;
				TARGETED_DEVICE_FAMILY = "1,2";
			};
			name = Debug;
		};
		3A92F3851C49470000328E36 /* Release */ = {
			isa = XCBuildConfiguration;
			buildSettings = {
				ALWAYS_SEARCH_USER_PATHS = NO;
				CLANG_CXX_LANGUAGE_STANDARD = "gnu++0x";
				CLANG_CXX_LIBRARY = "libc++";
				CLANG_ENABLE_MODULES = YES;
				CLANG_ENABLE_OBJC_ARC = YES;
				CLANG_WARN_BOOL_CONVERSION = YES;
				CLANG_WARN_CONSTANT_CONVERSION = YES;
				CLANG_WARN_DIRECT_OBJC_ISA_USAGE = YES_ERROR;
				CLANG_WARN_EMPTY_BODY = YES;
				CLANG_WARN_ENUM_CONVERSION = YES;
				CLANG_WARN_INT_CONVERSION = YES;
				CLANG_WARN_OBJC_ROOT_CLASS = YES_ERROR;
				CLANG_WARN_UNREACHABLE_CODE = YES;
				CLANG_WARN__DUPLICATE_METHOD_MATCH = YES;
				"CODE_SIGN_IDENTITY[sdk=iphoneos*]" = "iPhone Developer";
				COPY_PHASE_STRIP = NO;
				DEBUG_INFORMATION_FORMAT = "dwarf-with-dsym";
				ENABLE_NS_ASSERTIONS = NO;
				ENABLE_STRICT_OBJC_MSGSEND = YES;
				GCC_C_LANGUAGE_STANDARD = gnu99;
				GCC_NO_COMMON_BLOCKS = YES;
				GCC_WARN_64_TO_32_BIT_CONVERSION = YES;
				GCC_WARN_ABOUT_RETURN_TYPE = YES_ERROR;
				GCC_WARN_UNDECLARED_SELECTOR = YES;
				GCC_WARN_UNINITIALIZED_AUTOS = YES_AGGRESSIVE;
				GCC_WARN_UNUSED_FUNCTION = YES;
				GCC_WARN_UNUSED_VARIABLE = YES;
				IPHONEOS_DEPLOYMENT_TARGET = 9.1;
				MTL_ENABLE_DEBUG_INFO = NO;
				SDKROOT = iphoneos;
				TARGETED_DEVICE_FAMILY = "1,2";
				VALIDATE_PRODUCT = YES;
			};
			name = Release;
		};
		3A92F3871C49470000328E36 /* Debug */ = {
			isa = XCBuildConfiguration;
			buildSettings = {
				ASSETCATALOG_COMPILER_APPICON_NAME = AppIcon;
				INFOPLIST_FILE = LEOLearningCircle/Info.plist;
				LD_RUNPATH_SEARCH_PATHS = "$(inherited) @executable_path/Frameworks";
				PRODUCT_BUNDLE_IDENTIFIER = com.apple.LEOLearningCircle;
				PRODUCT_NAME = "$(TARGET_NAME)";
			};
			name = Debug;
		};
		3A92F3881C49470000328E36 /* Release */ = {
			isa = XCBuildConfiguration;
			buildSettings = {
				ASSETCATALOG_COMPILER_APPICON_NAME = AppIcon;
				INFOPLIST_FILE = LEOLearningCircle/Info.plist;
				LD_RUNPATH_SEARCH_PATHS = "$(inherited) @executable_path/Frameworks";
				PRODUCT_BUNDLE_IDENTIFIER = com.apple.LEOLearningCircle;
				PRODUCT_NAME = "$(TARGET_NAME)";
			};
			name = Release;
		};
/* End XCBuildConfiguration section */

/* Begin XCConfigurationList section */
		3A92F36A1C49470000328E36 /* Build configuration list for PBXProject "LEOLearningCircle" */ = {
			isa = XCConfigurationList;
			buildConfigurations = (
				3A92F3841C49470000328E36 /* Debug */,
				3A92F3851C49470000328E36 /* Release */,
			);
			defaultConfigurationIsVisible = 0;
			defaultConfigurationName = Release;
		};
		3A92F3861C49470000328E36 /* Build configuration list for PBXNativeTarget "LEOLearningCircle" */ = {
			isa = XCConfigurationList;
			buildConfigurations = (
				3A92F3871C49470000328E36 /* Debug */,
				3A92F3881C49470000328E36 /* Release */,
			);
			defaultConfigurationIsVisible = 0;
			defaultConfigurationName = Release;
		};
/* End XCConfigurationList section */
	};
	rootObject = 3A92F3671C49470000328E36 /* Project object */;
}
